
Microsoft Visual Studio Solution File, Format Version 12.00
# Visual Studio Version 17
VisualStudioVersion = 17.0.31903.59
MinimumVisualStudioVersion = 10.0.40219.1
Project("{FAE04EC0-301F-11D3-BF4B-00C04F79EFBC}") = "ReservationService", "ReservationService\ReservationService.csproj", "{B0F5422F-1762-44E1-82BE-0FE76A1D3A25}"
EndProject
Project("{FAE04EC0-301F-11D3-BF4B-00C04F79EFBC}") = "ReservationService.Tests", "ReservationService.Tests\ReservationService.Tests.csproj", "{1C695108-B21A-4B86-96D4-E465622213E5}"
EndProject
Global
	GlobalSection(SolutionConfigurationPlatforms) = preSolution
		Debug|Any CPU = Debug|Any CPU
		Release|Any CPU = Release|Any CPU
	EndGlobalSection
	GlobalSection(SolutionProperties) = preSolution
		HideSolutionNode = FALSE
	EndGlobalSection
	GlobalSection(ProjectConfigurationPlatforms) = postSolution
		{B0F5422F-1762-44E1-82BE-0FE76A1D3A25}.Debug|Any CPU.ActiveCfg = Debug|Any CPU
		{B0F5422F-1762-44E1-82BE-0FE76A1D3A25}.Debug|Any CPU.Build.0 = Debug|Any CPU
		{B0F5422F-1762-44E1-82BE-0FE76A1D3A25}.Release|Any CPU.ActiveCfg = Release|Any CPU
		{B0F5422F-1762-44E1-82BE-0FE76A1D3A25}.Release|Any CPU.Build.0 = Release|Any CPU
		{1C695108-B21A-4B86-96D4-E465622213E5}.Debug|Any CPU.ActiveCfg = Debug|Any CPU
		{1C695108-B21A-4B86-96D4-E465622213E5}.Debug|Any CPU.Build.0 = Debug|Any CPU
		{1C695108-B21A-4B86-96D4-E465622213E5}.Release|Any CPU.ActiveCfg = Release|Any CPU
		{1C695108-B21A-4B86-96D4-E465622213E5}.Release|Any CPU.Build.0 = Release|Any CPU
	EndGlobalSection
EndGlobal
